
Microsoft Visual Studio Solution File, Format Version 12.00
# Visual Studio 2012
Project("{E24C65DC-7377-472B-9ABA-BC803B73C61A}") = "vromonbd", ".", "{DE246646-6D18-4427-98E6-9D3921F39D75}"
	ProjectSection(WebsiteProperties) = preProject
		TargetFrameworkMoniker = ".NETFramework,Version%3Dv4.0"
		Debug.AspNetCompiler.VirtualPath = "/vromonbd"
		Debug.AspNetCompiler.PhysicalPath = "..\vromonbd\"
		Debug.AspNetCompiler.TargetPath = "PrecompiledWeb\vromonbd\"
		Debug.AspNetCompiler.Updateable = "true"
		Debug.AspNetCompiler.ForceOverwrite = "true"
		Debug.AspNetCompiler.FixedNames = "false"
		Debug.AspNetCompiler.Debug = "True"
		Release.AspNetCompiler.VirtualPath = "/vromonbd"
		Release.AspNetCompiler.PhysicalPath = "..\vromonbd\"
		Release.AspNetCompiler.TargetPath = "PrecompiledWeb\vromonbd\"
		Release.AspNetCompiler.Updateable = "true"
		Release.AspNetCompiler.ForceOverwrite = "true"
		Release.AspNetCompiler.FixedNames = "false"
		Release.AspNetCompiler.Debug = "False"
		VWDPort = "59668"
	EndProjectSection
EndProject
Global
	GlobalSection(SolutionConfigurationPlatforms) = preSolution
		Debug|Any CPU = Debug|Any CPU
	EndGlobalSection
	GlobalSection(ProjectConfigurationPlatforms) = postSolution
		{DE246646-6D18-4427-98E6-9D3921F39D75}.Debug|Any CPU.ActiveCfg = Debug|Any CPU
		{DE246646-6D18-4427-98E6-9D3921F39D75}.Debug|Any CPU.Build.0 = Debug|Any CPU
	EndGlobalSection
	GlobalSection(SolutionProperties) = preSolution
		HideSolutionNode = FALSE
	EndGlobalSection
EndGlobal
